// !$*UTF8*$!
{
	archiveVersion = 1;
	classes = {
	};
	objectVersion = 50;
	objects = {

/* Begin PBXBuildFile section */
		E8081AD9230C32BD00F58819 /* AppDelegate.swift in Sources */ = {isa = PBXBuildFile; fileRef = E8081AD8230C32BD00F58819 /* AppDelegate.swift */; };
		E8081ADB230C32BD00F58819 /* ViewController.swift in Sources */ = {isa = PBXBuildFile; fileRef = E8081ADA230C32BD00F58819 /* ViewController.swift */; };
		E8081ADE230C32BD00F58819 /* Main.storyboard in Resources */ = {isa = PBXBuildFile; fileRef = E8081ADC230C32BD00F58819 /* Main.storyboard */; };
		E8081AE0230C32BE00F58819 /* Assets.xcassets in Resources */ = {isa = PBXBuildFile; fileRef = E8081ADF230C32BE00F58819 /* Assets.xcassets */; };
		E8081AE3230C32BE00F58819 /* LaunchScreen.storyboard in Resources */ = {isa = PBXBuildFile; fileRef = E8081AE1230C32BE00F58819 /* LaunchScreen.storyboard */; };
		E8081AEE230C32BE00F58819 /* mppexampleTests.swift in Sources */ = {isa = PBXBuildFile; fileRef = E8081AED230C32BE00F58819 /* mppexampleTests.swift */; };
		E8081AF9230C32BE00F58819 /* mppexampleUITests.swift in Sources */ = {isa = PBXBuildFile; fileRef = E8081AF8230C32BE00F58819 /* mppexampleUITests.swift */; };
		E81CF7802314D91300F4076A /* JokesTableViewCell.swift in Sources */ = {isa = PBXBuildFile; fileRef = E81CF77F2314D91300F4076A /* JokesTableViewCell.swift */; };
		E81CF7882316163B00F4076A /* libsqlite3.tbd in Frameworks */ = {isa = PBXBuildFile; fileRef = E81CF7872316163B00F4076A /* libsqlite3.tbd */; };
		E895910E230E59CC00736CC6 /* Common.framework in Frameworks */ = {isa = PBXBuildFile; fileRef = E895910D230E59CC00736CC6 /* Common.framework */; };
		E895910F230E59CC00736CC6 /* Common.framework in Embed Frameworks */ = {isa = PBXBuildFile; fileRef = E895910D230E59CC00736CC6 /* Common.framework */; settings = {ATTRIBUTES = (CodeSignOnCopy, RemoveHeadersOnCopy, ); }; };
/* End PBXBuildFile section */

/* Begin PBXContainerItemProxy section */
		E8081AEA230C32BE00F58819 /* PBXContainerItemProxy */ = {
			isa = PBXContainerItemProxy;
			containerPortal = E8081ACD230C32BD00F58819 /* Project object */;
			proxyType = 1;
			remoteGlobalIDString = E8081AD4230C32BD00F58819;
			remoteInfo = mppexample;
		};
		E8081AF5230C32BE00F58819 /* PBXContainerItemProxy */ = {
			isa = PBXContainerItemProxy;
			containerPortal = E8081ACD230C32BD00F58819 /* Project object */;
			proxyType = 1;
			remoteGlobalIDString = E8081AD4230C32BD00F58819;
			remoteInfo = mppexample;
		};
/* End PBXContainerItemProxy section */

/* Begin PBXCopyFilesBuildPhase section */
		E8081B09230C32D800F58819 /* Embed Frameworks */ = {
			isa = PBXCopyFilesBuildPhase;
			buildActionMask = 2147483647;
			dstPath = "";
			dstSubfolderSpec = 10;
			files = (
				E895910F230E59CC00736CC6 /* Common.framework in Embed Frameworks */,
			);
			name = "Embed Frameworks";
			runOnlyForDeploymentPostprocessing = 0;
		};
/* End PBXCopyFilesBuildPhase section */

/* Begin PBXFileReference section */
		E8081AD5230C32BD00F58819 /* JokesApp.app */ = {isa = PBXFileReference; explicitFileType = wrapper.application; includeInIndex = 0; path = JokesApp.app; sourceTree = BUILT_PRODUCTS_DIR; };
		E8081AD8230C32BD00F58819 /* AppDelegate.swift */ = {isa = PBXFileReference; lastKnownFileType = sourcecode.swift; path = AppDelegate.swift; sourceTree = "<group>"; };
		E8081ADA230C32BD00F58819 /* ViewController.swift */ = {isa = PBXFileReference; lastKnownFileType = sourcecode.swift; path = ViewController.swift; sourceTree = "<group>"; };
		E8081ADD230C32BD00F58819 /* Base */ = {isa = PBXFileReference; lastKnownFileType = file.storyboard; name = Base; path = Base.lproj/Main.storyboard; sourceTree = "<group>"; };
		E8081ADF230C32BE00F58819 /* Assets.xcassets */ = {isa = PBXFileReference; lastKnownFileType = folder.assetcatalog; path = Assets.xcassets; sourceTree = "<group>"; };
		E8081AE2230C32BE00F58819 /* Base */ = {isa = PBXFileReference; lastKnownFileType = file.storyboard; name = Base; path = Base.lproj/LaunchScreen.storyboard; sourceTree = "<group>"; };
		E8081AE4230C32BE00F58819 /* Info.plist */ = {isa = PBXFileReference; lastKnownFileType = text.plist.xml; path = Info.plist; sourceTree = "<group>"; };
		E8081AE9230C32BE00F58819 /* JokesAppTests.xctest */ = {isa = PBXFileReference; explicitFileType = wrapper.cfbundle; includeInIndex = 0; path = JokesAppTests.xctest; sourceTree = BUILT_PRODUCTS_DIR; };
		E8081AED230C32BE00F58819 /* mppexampleTests.swift */ = {isa = PBXFileReference; lastKnownFileType = sourcecode.swift; path = mppexampleTests.swift; sourceTree = "<group>"; };
		E8081AEF230C32BE00F58819 /* Info.plist */ = {isa = PBXFileReference; lastKnownFileType = text.plist.xml; path = Info.plist; sourceTree = "<group>"; };
		E8081AF4230C32BE00F58819 /* JokesAppUITests.xctest */ = {isa = PBXFileReference; explicitFileType = wrapper.cfbundle; includeInIndex = 0; path = JokesAppUITests.xctest; sourceTree = BUILT_PRODUCTS_DIR; };
		E8081AF8230C32BE00F58819 /* mppexampleUITests.swift */ = {isa = PBXFileReference; lastKnownFileType = sourcecode.swift; path = mppexampleUITests.swift; sourceTree = "<group>"; };
		E8081AFA230C32BE00F58819 /* Info.plist */ = {isa = PBXFileReference; lastKnownFileType = text.plist.xml; path = Info.plist; sourceTree = "<group>"; };
		E81CF77F2314D91300F4076A /* JokesTableViewCell.swift */ = {isa = PBXFileReference; lastKnownFileType = sourcecode.swift; path = JokesTableViewCell.swift; sourceTree = "<group>"; };
		E81CF7872316163B00F4076A /* libsqlite3.tbd */ = {isa = PBXFileReference; lastKnownFileType = "sourcecode.text-based-dylib-definition"; name = libsqlite3.tbd; path = usr/lib/libsqlite3.tbd; sourceTree = SDKROOT; };
		E895910D230E59CC00736CC6 /* Common.framework */ = {isa = PBXFileReference; lastKnownFileType = wrapper.framework; name = Common.framework; path = "../../common/build/xcode-frameworks/Common.framework"; sourceTree = "<group>"; };
/* End PBXFileReference section */

/* Begin PBXFrameworksBuildPhase section */
		E8081AD2230C32BD00F58819 /* Frameworks */ = {
			isa = PBXFrameworksBuildPhase;
			buildActionMask = 2147483647;
			files = (
				E81CF7882316163B00F4076A /* libsqlite3.tbd in Frameworks */,
				E895910E230E59CC00736CC6 /* Common.framework in Frameworks */,
			);
			runOnlyForDeploymentPostprocessing = 0;
		};
		E8081AE6230C32BE00F58819 /* Frameworks */ = {
			isa = PBXFrameworksBuildPhase;
			buildActionMask = 2147483647;
			files = (
			);
			runOnlyForDeploymentPostprocessing = 0;
		};
		E8081AF1230C32BE00F58819 /* Frameworks */ = {
			isa = PBXFrameworksBuildPhase;
			buildActionMask = 2147483647;
			files = (
			);
			runOnlyForDeploymentPostprocessing = 0;
		};
/* End PBXFrameworksBuildPhase section */

/* Begin PBXGroup section */
		E8081ACC230C32BD00F58819 = {
			isa = PBXGroup;
			children = (
				E895910D230E59CC00736CC6 /* Common.framework */,
				E8081AD7230C32BD00F58819 /* JokesApp */,
				E8081AEC230C32BE00F58819 /* JokesAppTests */,
				E8081AF7230C32BE00F58819 /* JokesAppUITests */,
				E8081AD6230C32BD00F58819 /* Products */,
				E81CF7862316163B00F4076A /* Frameworks */,
			);
			sourceTree = "<group>";
		};
		E8081AD6230C32BD00F58819 /* Products */ = {
			isa = PBXGroup;
			children = (
				E8081AD5230C32BD00F58819 /* JokesApp.app */,
				E8081AE9230C32BE00F58819 /* JokesAppTests.xctest */,
				E8081AF4230C32BE00F58819 /* JokesAppUITests.xctest */,
			);
			name = Products;
			sourceTree = "<group>";
		};
		E8081AD7230C32BD00F58819 /* JokesApp */ = {
			isa = PBXGroup;
			children = (
				E8081AD8230C32BD00F58819 /* AppDelegate.swift */,
				E8081ADA230C32BD00F58819 /* ViewController.swift */,
				E81CF77F2314D91300F4076A /* JokesTableViewCell.swift */,
				E8081ADC230C32BD00F58819 /* Main.storyboard */,
				E8081ADF230C32BE00F58819 /* Assets.xcassets */,
				E8081AE1230C32BE00F58819 /* LaunchScreen.storyboard */,
				E8081AE4230C32BE00F58819 /* Info.plist */,
			);
			path = JokesApp;
			sourceTree = "<group>";
		};
		E8081AEC230C32BE00F58819 /* JokesAppTests */ = {
			isa = PBXGroup;
			children = (
				E8081AED230C32BE00F58819 /* mppexampleTests.swift */,
				E8081AEF230C32BE00F58819 /* Info.plist */,
			);
			path = JokesAppTests;
			sourceTree = "<group>";
		};
		E8081AF7230C32BE00F58819 /* JokesAppUITests */ = {
			isa = PBXGroup;
			children = (
				E8081AF8230C32BE00F58819 /* mppexampleUITests.swift */,
				E8081AFA230C32BE00F58819 /* Info.plist */,
			);
			path = JokesAppUITests;
			sourceTree = "<group>";
		};
		E81CF7862316163B00F4076A /* Frameworks */ = {
			isa = PBXGroup;
			children = (
				E81CF7872316163B00F4076A /* libsqlite3.tbd */,
			);
			name = Frameworks;
			sourceTree = "<group>";
		};
/* End PBXGroup section */

/* Begin PBXNativeTarget section */
		E8081AD4230C32BD00F58819 /* JokesApp */ = {
			isa = PBXNativeTarget;
			buildConfigurationList = E8081AFD230C32BE00F58819 /* Build configuration list for PBXNativeTarget "JokesApp" */;
			buildPhases = (
				E8959106230E4DB500736CC6 /* ShellScript */,
				E8081AD1230C32BD00F58819 /* Sources */,
				E8081AD2230C32BD00F58819 /* Frameworks */,
				E8081AD3230C32BD00F58819 /* Resources */,
				E8081B09230C32D800F58819 /* Embed Frameworks */,
			);
			buildRules = (
			);
			dependencies = (
			);
			name = JokesApp;
			productName = mppexample;
			productReference = E8081AD5230C32BD00F58819 /* JokesApp.app */;
			productType = "com.apple.product-type.application";
		};
		E8081AE8230C32BE00F58819 /* JokesAppTests */ = {
			isa = PBXNativeTarget;
			buildConfigurationList = E8081B00230C32BE00F58819 /* Build configuration list for PBXNativeTarget "JokesAppTests" */;
			buildPhases = (
				E8081AE5230C32BE00F58819 /* Sources */,
				E8081AE6230C32BE00F58819 /* Frameworks */,
				E8081AE7230C32BE00F58819 /* Resources */,
			);
			buildRules = (
			);
			dependencies = (
				E8081AEB230C32BE00F58819 /* PBXTargetDependency */,
			);
			name = JokesAppTests;
			productName = mppexampleTests;
			productReference = E8081AE9230C32BE00F58819 /* JokesAppTests.xctest */;
			productType = "com.apple.product-type.bundle.unit-test";
		};
		E8081AF3230C32BE00F58819 /* JokesAppUITests */ = {
			isa = PBXNativeTarget;
			buildConfigurationList = E8081B03230C32BE00F58819 /* Build configuration list for PBXNativeTarget "JokesAppUITests" */;
			buildPhases = (
				E8081AF0230C32BE00F58819 /* Sources */,
				E8081AF1230C32BE00F58819 /* Frameworks */,
				E8081AF2230C32BE00F58819 /* Resources */,
			);
			buildRules = (
			);
			dependencies = (
				E8081AF6230C32BE00F58819 /* PBXTargetDependency */,
			);
			name = JokesAppUITests;
			productName = mppexampleUITests;
			productReference = E8081AF4230C32BE00F58819 /* JokesAppUITests.xctest */;
			productType = "com.apple.product-type.bundle.ui-testing";
		};
/* End PBXNativeTarget section */

/* Begin PBXProject section */
		E8081ACD230C32BD00F58819 /* Project object */ = {
			isa = PBXProject;
			attributes = {
				LastSwiftUpdateCheck = 1030;
				LastUpgradeCheck = 1030;
				ORGANIZATIONNAME = Kurt;
				TargetAttributes = {
					E8081AD4230C32BD00F58819 = {
						CreatedOnToolsVersion = 10.3;
					};
					E8081AE8230C32BE00F58819 = {
						CreatedOnToolsVersion = 10.3;
						TestTargetID = E8081AD4230C32BD00F58819;
					};
					E8081AF3230C32BE00F58819 = {
						CreatedOnToolsVersion = 10.3;
						TestTargetID = E8081AD4230C32BD00F58819;
					};
				};
			};
			buildConfigurationList = E8081AD0230C32BD00F58819 /* Build configuration list for PBXProject "JokesApp" */;
			compatibilityVersion = "Xcode 9.3";
			developmentRegion = en;
			hasScannedForEncodings = 0;
			knownRegions = (
				en,
				Base,
			);
			mainGroup = E8081ACC230C32BD00F58819;
			productRefGroup = E8081AD6230C32BD00F58819 /* Products */;
			projectDirPath = "";
			projectRoot = "";
			targets = (
				E8081AD4230C32BD00F58819 /* JokesApp */,
				E8081AE8230C32BE00F58819 /* JokesAppTests */,
				E8081AF3230C32BE00F58819 /* JokesAppUITests */,
			);
		};
/* End PBXProject section */

/* Begin PBXResourcesBuildPhase section */
		E8081AD3230C32BD00F58819 /* Resources */ = {
			isa = PBXResourcesBuildPhase;
			buildActionMask = 2147483647;
			files = (
				E8081AE3230C32BE00F58819 /* LaunchScreen.storyboard in Resources */,
				E8081AE0230C32BE00F58819 /* Assets.xcassets in Resources */,
				E8081ADE230C32BD00F58819 /* Main.storyboard in Resources */,
			);
			runOnlyForDeploymentPostprocessing = 0;
		};
		E8081AE7230C32BE00F58819 /* Resources */ = {
			isa = PBXResourcesBuildPhase;
			buildActionMask = 2147483647;
			files = (
			);
			runOnlyForDeploymentPostprocessing = 0;
		};
		E8081AF2230C32BE00F58819 /* Resources */ = {
			isa = PBXResourcesBuildPhase;
			buildActionMask = 2147483647;
			files = (
			);
			runOnlyForDeploymentPostprocessing = 0;
		};
/* End PBXResourcesBuildPhase section */

/* Begin PBXShellScriptBuildPhase section */
		E8959106230E4DB500736CC6 /* ShellScript */ = {
			isa = PBXShellScriptBuildPhase;
			buildActionMask = 2147483647;
			files = (
			);
			inputFileListPaths = (
			);
			inputPaths = (
			);
			outputFileListPaths = (
			);
			outputPaths = (
			);
			runOnlyForDeploymentPostprocessing = 0;
			shellPath = /bin/sh;
			shellScript = "cd \"$SRCROOT/../../\"\n./gradlew :common:packForXcode -PXCODE_CONFIGURATION=${CONFIGURATION}\n";
		};
/* End PBXShellScriptBuildPhase section */

/* Begin PBXSourcesBuildPhase section */
		E8081AD1230C32BD00F58819 /* Sources */ = {
			isa = PBXSourcesBuildPhase;
			buildActionMask = 2147483647;
			files = (
				E8081ADB230C32BD00F58819 /* ViewController.swift in Sources */,
				E8081AD9230C32BD00F58819 /* AppDelegate.swift in Sources */,
				E81CF7802314D91300F4076A /* JokesTableViewCell.swift in Sources */,
			);
			runOnlyForDeploymentPostprocessing = 0;
		};
		E8081AE5230C32BE00F58819 /* Sources */ = {
			isa = PBXSourcesBuildPhase;
			buildActionMask = 2147483647;
			files = (
				E8081AEE230C32BE00F58819 /* mppexampleTests.swift in Sources */,
			);
			runOnlyForDeploymentPostprocessing = 0;
		};
		E8081AF0230C32BE00F58819 /* Sources */ = {
			isa = PBXSourcesBuildPhase;
			buildActionMask = 2147483647;
			files = (
				E8081AF9230C32BE00F58819 /* mppexampleUITests.swift in Sources */,
			);
			runOnlyForDeploymentPostprocessing = 0;
		};
/* End PBXSourcesBuildPhase section */

/* Begin PBXTargetDependency section */
		E8081AEB230C32BE00F58819 /* PBXTargetDependency */ = {
			isa = PBXTargetDependency;
			target = E8081AD4230C32BD00F58819 /* JokesApp */;
			targetProxy = E8081AEA230C32BE00F58819 /* PBXContainerItemProxy */;
		};
		E8081AF6230C32BE00F58819 /* PBXTargetDependency */ = {
			isa = PBXTargetDependency;
			target = E8081AD4230C32BD00F58819 /* JokesApp */;
			targetProxy = E8081AF5230C32BE00F58819 /* PBXContainerItemProxy */;
		};
/* End PBXTargetDependency section */

/* Begin PBXVariantGroup section */
		E8081ADC230C32BD00F58819 /* Main.storyboard */ = {
			isa = PBXVariantGroup;
			children = (
				E8081ADD230C32BD00F58819 /* Base */,
			);
			name = Main.storyboard;
			sourceTree = "<group>";
		};
		E8081AE1230C32BE00F58819 /* LaunchScreen.storyboard */ = {
			isa = PBXVariantGroup;
			children = (
				E8081AE2230C32BE00F58819 /* Base */,
			);
			name = LaunchScreen.storyboard;
			sourceTree = "<group>";
		};
/* End PBXVariantGroup section */

/* Begin XCBuildConfiguration section */
		E8081AFB230C32BE00F58819 /* Debug */ = {
			isa = XCBuildConfiguration;
			buildSettings = {
				ALWAYS_SEARCH_USER_PATHS = NO;
				CLANG_ANALYZER_NONNULL = YES;
				CLANG_ANALYZER_NUMBER_OBJECT_CONVERSION = YES_AGGRESSIVE;
				CLANG_CXX_LANGUAGE_STANDARD = "gnu++14";
				CLANG_CXX_LIBRARY = "libc++";
				CLANG_ENABLE_MODULES = YES;
				CLANG_ENABLE_OBJC_ARC = YES;
				CLANG_ENABLE_OBJC_WEAK = YES;
				CLANG_WARN_BLOCK_CAPTURE_AUTORELEASING = YES;
				CLANG_WARN_BOOL_CONVERSION = YES;
				CLANG_WARN_COMMA = YES;
				CLANG_WARN_CONSTANT_CONVERSION = YES;
				CLANG_WARN_DEPRECATED_OBJC_IMPLEMENTATIONS = YES;
				CLANG_WARN_DIRECT_OBJC_ISA_USAGE = YES_ERROR;
				CLANG_WARN_DOCUMENTATION_COMMENTS = YES;
				CLANG_WARN_EMPTY_BODY = YES;
				CLANG_WARN_ENUM_CONVERSION = YES;
				CLANG_WARN_INFINITE_RECURSION = YES;
				CLANG_WARN_INT_CONVERSION = YES;
				CLANG_WARN_NON_LITERAL_NULL_CONVERSION = YES;
				CLANG_WARN_OBJC_IMPLICIT_RETAIN_SELF = YES;
				CLANG_WARN_OBJC_LITERAL_CONVERSION = YES;
				CLANG_WARN_OBJC_ROOT_CLASS = YES_ERROR;
				CLANG_WARN_RANGE_LOOP_ANALYSIS = YES;
				CLANG_WARN_STRICT_PROTOTYPES = YES;
				CLANG_WARN_SUSPICIOUS_MOVE = YES;
				CLANG_WARN_UNGUARDED_AVAILABILITY = YES_AGGRESSIVE;
				CLANG_WARN_UNREACHABLE_CODE = YES;
				CLANG_WARN__DUPLICATE_METHOD_MATCH = YES;
				CODE_SIGN_IDENTITY = "iPhone Developer";
				COPY_PHASE_STRIP = NO;
				DEBUG_INFORMATION_FORMAT = dwarf;
				ENABLE_STRICT_OBJC_MSGSEND = YES;
				ENABLE_TESTABILITY = YES;
				GCC_C_LANGUAGE_STANDARD = gnu11;
				GCC_DYNAMIC_NO_PIC = NO;
				GCC_NO_COMMON_BLOCKS = YES;
				GCC_OPTIMIZATION_LEVEL = 0;
				GCC_PREPROCESSOR_DEFINITIONS = (
					"DEBUG=1",
					"$(inherited)",
				);
				GCC_WARN_64_TO_32_BIT_CONVERSION = YES;
				GCC_WARN_ABOUT_RETURN_TYPE = YES_ERROR;
				GCC_WARN_UNDECLARED_SELECTOR = YES;
				GCC_WARN_UNINITIALIZED_AUTOS = YES_AGGRESSIVE;
				GCC_WARN_UNUSED_FUNCTION = YES;
				GCC_WARN_UNUSED_VARIABLE = YES;
				IPHONEOS_DEPLOYMENT_TARGET = 12.4;
				MTL_ENABLE_DEBUG_INFO = INCLUDE_SOURCE;
				MTL_FAST_MATH = YES;
				ONLY_ACTIVE_ARCH = YES;
				SDKROOT = iphoneos;
				SWIFT_ACTIVE_COMPILATION_CONDITIONS = DEBUG;
				SWIFT_OPTIMIZATION_LEVEL = "-Onone";
			};
			name = Debug;
		};
		E8081AFC230C32BE00F58819 /* Release */ = {
			isa = XCBuildConfiguration;
			buildSettings = {
				ALWAYS_SEARCH_USER_PATHS = NO;
				CLANG_ANALYZER_NONNULL = YES;
				CLANG_ANALYZER_NUMBER_OBJECT_CONVERSION = YES_AGGRESSIVE;
				CLANG_CXX_LANGUAGE_STANDARD = "gnu++14";
				CLANG_CXX_LIBRARY = "libc++";
				CLANG_ENABLE_MODULES = YES;
				CLANG_ENABLE_OBJC_ARC = YES;
				CLANG_ENABLE_OBJC_WEAK = YES;
				CLANG_WARN_BLOCK_CAPTURE_AUTORELEASING = YES;
				CLANG_WARN_BOOL_CONVERSION = YES;
				CLANG_WARN_COMMA = YES;
				CLANG_WARN_CONSTANT_CONVERSION = YES;
				CLANG_WARN_DEPRECATED_OBJC_IMPLEMENTATIONS = YES;
				CLANG_WARN_DIRECT_OBJC_ISA_USAGE = YES_ERROR;
				CLANG_WARN_DOCUMENTATION_COMMENTS = YES;
				CLANG_WARN_EMPTY_BODY = YES;
				CLANG_WARN_ENUM_CONVERSION = YES;
				CLANG_WARN_INFINITE_RECURSION = YES;
				CLANG_WARN_INT_CONVERSION = YES;
				CLANG_WARN_NON_LITERAL_NULL_CONVERSION = YES;
				CLANG_WARN_OBJC_IMPLICIT_RETAIN_SELF = YES;
				CLANG_WARN_OBJC_LITERAL_CONVERSION = YES;
				CLANG_WARN_OBJC_ROOT_CLASS = YES_ERROR;
				CLANG_WARN_RANGE_LOOP_ANALYSIS = YES;
				CLANG_WARN_STRICT_PROTOTYPES = YES;
				CLANG_WARN_SUSPICIOUS_MOVE = YES;
				CLANG_WARN_UNGUARDED_AVAILABILITY = YES_AGGRESSIVE;
				CLANG_WARN_UNREACHABLE_CODE = YES;
				CLANG_WARN__DUPLICATE_METHOD_MATCH = YES;
				CODE_SIGN_IDENTITY = "iPhone Developer";
				COPY_PHASE_STRIP = NO;
				DEBUG_INFORMATION_FORMAT = "dwarf-with-dsym";
				ENABLE_NS_ASSERTIONS = NO;
				ENABLE_STRICT_OBJC_MSGSEND = YES;
				GCC_C_LANGUAGE_STANDARD = gnu11;
				GCC_NO_COMMON_BLOCKS = YES;
				GCC_WARN_64_TO_32_BIT_CONVERSION = YES;
				GCC_WARN_ABOUT_RETURN_TYPE = YES_ERROR;
				GCC_WARN_UNDECLARED_SELECTOR = YES;
				GCC_WARN_UNINITIALIZED_AUTOS = YES_AGGRESSIVE;
				GCC_WARN_UNUSED_FUNCTION = YES;
				GCC_WARN_UNUSED_VARIABLE = YES;
				IPHONEOS_DEPLOYMENT_TARGET = 12.4;
				MTL_ENABLE_DEBUG_INFO = NO;
				MTL_FAST_MATH = YES;
				SDKROOT = iphoneos;
				SWIFT_COMPILATION_MODE = wholemodule;
				SWIFT_OPTIMIZATION_LEVEL = "-O";
				VALIDATE_PRODUCT = YES;
			};
			name = Release;
		};
		E8081AFE230C32BE00F58819 /* Debug */ = {
			isa = XCBuildConfiguration;
			buildSettings = {
				ASSETCATALOG_COMPILER_APPICON_NAME = AppIcon;
				CODE_SIGN_STYLE = Automatic;
				FRAMEWORK_SEARCH_PATHS = (
					"${PROJECT_DIR}/../../common/build/xcode-frameworks",
					"${PROJECT_DIR}",
					"${inherited}",
				);
				INFOPLIST_FILE = "$(SRCROOT)/JokesApp/Info.plist";
				LD_RUNPATH_SEARCH_PATHS = (
					"$(inherited)",
					"@executable_path/Frameworks",
				);
				PRODUCT_BUNDLE_IDENTIFIER = com.kurt.jokes;
				PRODUCT_NAME = "$(TARGET_NAME)";
				SWIFT_VERSION = 5.0;
				TARGETED_DEVICE_FAMILY = "1,2";
			};
			name = Debug;
		};
		E8081AFF230C32BE00F58819 /* Release */ = {
			isa = XCBuildConfiguration;
			buildSettings = {
				ASSETCATALOG_COMPILER_APPICON_NAME = AppIcon;
				CODE_SIGN_STYLE = Automatic;
				FRAMEWORK_SEARCH_PATHS = (
					"${PROJECT_DIR}/../../common/build/xcode-frameworks",
					"${PROJECT_DIR}",
					"${inherited}",
				);
				INFOPLIST_FILE = "$(SRCROOT)/JokesApp/Info.plist";
				LD_RUNPATH_SEARCH_PATHS = (
					"$(inherited)",
					"@executable_path/Frameworks",
				);
				PRODUCT_BUNDLE_IDENTIFIER = com.kurt.jokes;
				PRODUCT_NAME = "$(TARGET_NAME)";
				SWIFT_VERSION = 5.0;
				TARGETED_DEVICE_FAMILY = "1,2";
			};
			name = Release;
		};
		E8081B01230C32BE00F58819 /* Debug */ = {
			isa = XCBuildConfiguration;
			buildSettings = {
				ALWAYS_EMBED_SWIFT_STANDARD_LIBRARIES = YES;
				BUNDLE_LOADER = "$(TEST_HOST)";
				CODE_SIGN_STYLE = Automatic;
				INFOPLIST_FILE = mppexampleTests/Info.plist;
				LD_RUNPATH_SEARCH_PATHS = (
					"$(inherited)",
					"@executable_path/Frameworks",
					"@loader_path/Frameworks",
				);
				PRODUCT_BUNDLE_IDENTIFIER = com.kurt.mppexampleTests;
				PRODUCT_NAME = "$(TARGET_NAME)";
				SWIFT_VERSION = 5.0;
				TARGETED_DEVICE_FAMILY = "1,2";
				TEST_HOST = "$(BUILT_PRODUCTS_DIR)/JokesApp.app/JokesApp";
			};
			name = Debug;
		};
		E8081B02230C32BE00F58819 /* Release */ = {
			isa = XCBuildConfiguration;
			buildSettings = {
				ALWAYS_EMBED_SWIFT_STANDARD_LIBRARIES = YES;
				BUNDLE_LOADER = "$(TEST_HOST)";
				CODE_SIGN_STYLE = Automatic;
				INFOPLIST_FILE = mppexampleTests/Info.plist;
				LD_RUNPATH_SEARCH_PATHS = (
					"$(inherited)",
					"@executable_path/Frameworks",
					"@loader_path/Frameworks",
				);
				PRODUCT_BUNDLE_IDENTIFIER = com.kurt.mppexampleTests;
				PRODUCT_NAME = "$(TARGET_NAME)";
				SWIFT_VERSION = 5.0;
				TARGETED_DEVICE_FAMILY = "1,2";
				TEST_HOST = "$(BUILT_PRODUCTS_DIR)/JokesApp.app/JokesApp";
			};
			name = Release;
		};
		E8081B04230C32BE00F58819 /* Debug */ = {
			isa = XCBuildConfiguration;
			buildSettings = {
				ALWAYS_EMBED_SWIFT_STANDARD_LIBRARIES = YES;
				CODE_SIGN_STYLE = Automatic;
				INFOPLIST_FILE = mppexampleUITests/Info.plist;
				LD_RUNPATH_SEARCH_PATHS = (
					"$(inherited)",
					"@executable_path/Frameworks",
					"@loader_path/Frameworks",
				);
				PRODUCT_BUNDLE_IDENTIFIER = com.kurt.mppexampleUITests;
				PRODUCT_NAME = "$(TARGET_NAME)";
				SWIFT_VERSION = 5.0;
				TARGETED_DEVICE_FAMILY = "1,2";
				TEST_TARGET_NAME = mppexample;
			};
			name = Debug;
		};
		E8081B05230C32BE00F58819 /* Release */ = {
			isa = XCBuildConfiguration;
			buildSettings = {
				ALWAYS_EMBED_SWIFT_STANDARD_LIBRARIES = YES;
				CODE_SIGN_STYLE = Automatic;
				INFOPLIST_FILE = mppexampleUITests/Info.plist;
				LD_RUNPATH_SEARCH_PATHS = (
					"$(inherited)",
					"@executable_path/Frameworks",
					"@loader_path/Frameworks",
				);
				PRODUCT_BUNDLE_IDENTIFIER = com.kurt.mppexampleUITests;
				PRODUCT_NAME = "$(TARGET_NAME)";
				SWIFT_VERSION = 5.0;
				TARGETED_DEVICE_FAMILY = "1,2";
				TEST_TARGET_NAME = mppexample;
			};
			name = Release;
		};
/* End XCBuildConfiguration section */

/* Begin XCConfigurationList section */
		E8081AD0230C32BD00F58819 /* Build configuration list for PBXProject "JokesApp" */ = {
			isa = XCConfigurationList;
			buildConfigurations = (
				E8081AFB230C32BE00F58819 /* Debug */,
				E8081AFC230C32BE00F58819 /* Release */,
			);
			defaultConfigurationIsVisible = 0;
			defaultConfigurationName = Release;
		};
		E8081AFD230C32BE00F58819 /* Build configuration list for PBXNativeTarget "JokesApp" */ = {
			isa = XCConfigurationList;
			buildConfigurations = (
				E8081AFE230C32BE00F58819 /* Debug */,
				E8081AFF230C32BE00F58819 /* Release */,
			);
			defaultConfigurationIsVisible = 0;
			defaultConfigurationName = Release;
		};
		E8081B00230C32BE00F58819 /* Build configuration list for PBXNativeTarget "JokesAppTests" */ = {
			isa = XCConfigurationList;
			buildConfigurations = (
				E8081B01230C32BE00F58819 /* Debug */,
				E8081B02230C32BE00F58819 /* Release */,
			);
			defaultConfigurationIsVisible = 0;
			defaultConfigurationName = Release;
		};
		E8081B03230C32BE00F58819 /* Build configuration list for PBXNativeTarget "JokesAppUITests" */ = {
			isa = XCConfigurationList;
			buildConfigurations = (
				E8081B04230C32BE00F58819 /* Debug */,
				E8081B05230C32BE00F58819 /* Release */,
			);
			defaultConfigurationIsVisible = 0;
			defaultConfigurationName = Release;
		};
/* End XCConfigurationList section */
	};
	rootObject = E8081ACD230C32BD00F58819 /* Project object */;
}
